
Microsoft Visual Studio Solution File, Format Version 12.00
# Visual Studio 15
VisualStudioVersion = 15.0.28010.2041
MinimumVisualStudioVersion = 10.0.40219.1
Project("{FAE04EC0-301F-11D3-BF4B-00C04F79EFBC}") = "CleanCodeDemo", "CleanCodeDemo\CleanCodeDemo.csproj", "{8DA1B548-35C0-4F8A-92F6-26129945698F}"
EndProject
Global
	GlobalSection(SolutionConfigurationPlatforms) = preSolution
		Debug|Any CPU = Debug|Any CPU
		Release|Any CPU = Release|Any CPU
	EndGlobalSection
	GlobalSection(ProjectConfigurationPlatforms) = postSolution
		{8DA1B548-35C0-4F8A-92F6-26129945698F}.Debug|Any CPU.ActiveCfg = Debug|Any CPU
		{8DA1B548-35C0-4F8A-92F6-26129945698F}.Debug|Any CPU.Build.0 = Debug|Any CPU
		{8DA1B548-35C0-4F8A-92F6-26129945698F}.Release|Any CPU.ActiveCfg = Release|Any CPU
		{8DA1B548-35C0-4F8A-92F6-26129945698F}.Release|Any CPU.Build.0 = Release|Any CPU
	EndGlobalSection
	GlobalSection(SolutionProperties) = preSolution
		HideSolutionNode = FALSE
	EndGlobalSection
	GlobalSection(ExtensibilityGlobals) = postSolution
		SolutionGuid = {654B8A72-9C73-4CD7-982E-87C2BDB57D25}
	EndGlobalSection
EndGlobal
